
Microsoft Visual Studio Solution File, Format Version 12.00
# Visual Studio Version 17
VisualStudioVersion = 17.0.31423.177
MinimumVisualStudioVersion = 10.0.40219.1
Project("{9A19103F-16F7-4668-BE54-9A1E7A4F7556}") = "Interpolation", "Interpolation\Interpolation.csproj", "{ABBC8172-6C0B-4961-B539-6A78A48997F6}"
EndProject
Global
	GlobalSection(SolutionConfigurationPlatforms) = preSolution
		Debug|Any CPU = Debug|Any CPU
		Release|Any CPU = Release|Any CPU
	EndGlobalSection
	GlobalSection(ProjectConfigurationPlatforms) = postSolution
		{ABBC8172-6C0B-4961-B539-6A78A48997F6}.Debug|Any CPU.ActiveCfg = Debug|Any CPU
		{ABBC8172-6C0B-4961-B539-6A78A48997F6}.Debug|Any CPU.Build.0 = Debug|Any CPU
		{ABBC8172-6C0B-4961-B539-6A78A48997F6}.Release|Any CPU.ActiveCfg = Release|Any CPU
		{ABBC8172-6C0B-4961-B539-6A78A48997F6}.Release|Any CPU.Build.0 = Release|Any CPU
	EndGlobalSection
	GlobalSection(SolutionProperties) = preSolution
		HideSolutionNode = FALSE
	EndGlobalSection
	GlobalSection(ExtensibilityGlobals) = postSolution
		SolutionGuid = {D303305A-0446-4B88-8CA4-2577C9E72591}
	EndGlobalSection
EndGlobal
